<?xml version="1.0" encoding="utf-8"?>
<Project ToolsVersion="4.0" xmlns="http://schemas.microsoft.com/developer/msbuild/2003">
  <ItemGroup>
    <Filter Include="Source Files">
      <UniqueIdentifier>{4FC737F1-C7A5-4376-A066-2A32D752A2FF}</UniqueIdentifier>
      <Extensions>cpp;c;cxx;def;odl;idl;hpj;bat;asm;asmx</Extensions>
    </Filter>
    <Filter Include="Header Files">
      <UniqueIdentifier>{93995380-89BD-4b04-88EB-625FBE52EBFB}</UniqueIdentifier>
      <Extensions>h;hpp;hxx;hm;inl;inc;xsd</Extensions>
    </Filter>
    <Filter Include="Resource Files">
      <UniqueIdentifier>{67DA6AB6-F800-4c08-8B7A-83BB121AAD01}</UniqueIdentifier>
      <Extensions>rc;ico;cur;bmp;dlg;rc2;rct;bin;rgs;gif;jpg;jpeg;jpe;resx</Extensions>
    </Filter>
  </ItemGroup>
  <ItemGroup>
    <ClCompile Include="font_ttf.cpp">
      <Filter>Source Files</Filter>
    </ClCompile>
    <ClCompile Include="font_utils.cpp">
      <Filter>Source Files</Filter>
    </ClCompile>
    <ClCompile Include="main.cpp">
      <Filter>Source Files</Filter>
    </ClCompile>
    <ClCompile Include="my_graphic.cpp">
      <Filter>Source Files</Filter>
    </ClCompile>
    <ClCompile Include="sdl_font18.cpp">
      <Filter>Source Files</Filter>
    </ClCompile>
    <ClCompile Include="sdl_font24.cpp">
      <Filter>Source Files</Filter>
    </ClCompile>
    <ClCompile Include="sdl_font48.cpp">
      <Filter>Source Files</Filter>
    </ClCompile>
    <ClCompile Include="sdl_font72.cpp">
      <Filter>Source Files</Filter>
    </ClCompile>
    <ClCompile Include="sdl_graphic.cpp">
      <Filter>Source Files</Filter>
    </ClCompile>
    <ClCompile Include="sdl_test.cpp">
      <Filter>Source Files</Filter>
    </ClCompile>
    <ClCompile Include="show_gamma.cpp">
      <Filter>Source Files</Filter>
    </ClCompile>
  </ItemGroup>
  <ItemGroup>
    <ClInclude Include="ascii_16x32.h">
      <Filter>Header Files</Filter>
    </ClInclude>
    <ClInclude Include="ascii_36x72.h">
      <Filter>Header Files</Filter>
    </ClInclude>
    <ClInclude Include="font_12x24.h">
      <Filter>Header Files</Filter>
    </ClInclude>
    <ClInclude Include="font_9x18.h">
      <Filter>Header Files</Filter>
    </ClInclude>
    <ClInclude Include="font_data.h">
      <Filter>Header Files</Filter>
    </ClInclude>
    <ClInclude Include="font_size.h">
      <Filter>Header Files</Filter>
    </ClInclude>
    <ClInclude Include="font_utils.h">
      <Filter>Header Files</Filter>
    </ClInclude>
    <ClInclude Include="my_graphic.h">
      <Filter>Header Files</Filter>
    </ClInclude>
    <ClInclude Include="my_types.h">
      <Filter>Header Files</Filter>
    </ClInclude>
    <ClInclude Include="sdl_font18.h">
      <Filter>Header Files</Filter>
    </ClInclude>
    <ClInclude Include="sdl_font24.h">
      <Filter>Header Files</Filter>
    </ClInclude>
    <ClInclude Include="sdl_font48.h">
      <Filter>Header Files</Filter>
    </ClInclude>
    <ClInclude Include="sdl_font72.h">
      <Filter>Header Files</Filter>
    </ClInclude>
    <ClInclude Include="sdl_graphic.h">
      <Filter>Header Files</Filter>
    </ClInclude>
    <ClInclude Include="sdl_test.h">
      <Filter>Header Files</Filter>
    </ClInclude>
    <ClInclude Include="show_gamma.h">
      <Filter>Header Files</Filter>
    </ClInclude>
  </ItemGroup>
</Project>